
Microsoft Visual Studio Solution File, Format Version 12.00
# Visual Studio 15
VisualStudioVersion = 15.0.27428.2037
MinimumVisualStudioVersion = 10.0.40219.1
Project("{FAE04EC0-301F-11D3-BF4B-00C04F79EFBC}") = "LetsPlayBoardgames.Api", "LetsPlayBoardgames\LetsPlayBoardgames.Api.csproj", "{9117060D-CABE-4075-8303-3A5D88C5957F}"
EndProject
Project("{FAE04EC0-301F-11D3-BF4B-00C04F79EFBC}") = "LetsPlayBoardgames.Model", "LetsPlayBoardgames.Model\LetsPlayBoardgames.Model.csproj", "{ABEF09D2-184A-4C57-906B-360712528E5A}"
EndProject
Project("{2150E333-8FDC-42A3-9474-1A3956D46DE8}") = "Tests", "Tests", "{E6892A9B-BE1A-4A32-8689-5F35CC33525E}"
EndProject
Project("{FAE04EC0-301F-11D3-BF4B-00C04F79EFBC}") = "LetsPlayBoardgames.Api.Tests", "LetsPlayBoardgames.Api.Tests\LetsPlayBoardgames.Api.Tests.csproj", "{FB55D796-E4FE-4880-8336-3807E1C1757B}"
EndProject
Project("{FAE04EC0-301F-11D3-BF4B-00C04F79EFBC}") = "LetsPlayBoardgames.Api.Model", "LetsPlayBoardgames.Api.Model\LetsPlayBoardgames.Api.Model.csproj", "{6FC05393-7DF5-43EB-BAD6-DE8E2CCAE42A}"
EndProject
Global
	GlobalSection(SolutionConfigurationPlatforms) = preSolution
		Debug|Any CPU = Debug|Any CPU
		Release|Any CPU = Release|Any CPU
	EndGlobalSection
	GlobalSection(ProjectConfigurationPlatforms) = postSolution
		{9117060D-CABE-4075-8303-3A5D88C5957F}.Debug|Any CPU.ActiveCfg = Debug|Any CPU
		{9117060D-CABE-4075-8303-3A5D88C5957F}.Debug|Any CPU.Build.0 = Debug|Any CPU
		{9117060D-CABE-4075-8303-3A5D88C5957F}.Release|Any CPU.ActiveCfg = Release|Any CPU
		{9117060D-CABE-4075-8303-3A5D88C5957F}.Release|Any CPU.Build.0 = Release|Any CPU
		{ABEF09D2-184A-4C57-906B-360712528E5A}.Debug|Any CPU.ActiveCfg = Debug|Any CPU
		{ABEF09D2-184A-4C57-906B-360712528E5A}.Debug|Any CPU.Build.0 = Debug|Any CPU
		{ABEF09D2-184A-4C57-906B-360712528E5A}.Release|Any CPU.ActiveCfg = Release|Any CPU
		{ABEF09D2-184A-4C57-906B-360712528E5A}.Release|Any CPU.Build.0 = Release|Any CPU
		{FB55D796-E4FE-4880-8336-3807E1C1757B}.Debug|Any CPU.ActiveCfg = Debug|Any CPU
		{FB55D796-E4FE-4880-8336-3807E1C1757B}.Debug|Any CPU.Build.0 = Debug|Any CPU
		{FB55D796-E4FE-4880-8336-3807E1C1757B}.Release|Any CPU.ActiveCfg = Release|Any CPU
		{FB55D796-E4FE-4880-8336-3807E1C1757B}.Release|Any CPU.Build.0 = Release|Any CPU
		{6FC05393-7DF5-43EB-BAD6-DE8E2CCAE42A}.Debug|Any CPU.ActiveCfg = Debug|Any CPU
		{6FC05393-7DF5-43EB-BAD6-DE8E2CCAE42A}.Debug|Any CPU.Build.0 = Debug|Any CPU
		{6FC05393-7DF5-43EB-BAD6-DE8E2CCAE42A}.Release|Any CPU.ActiveCfg = Release|Any CPU
		{6FC05393-7DF5-43EB-BAD6-DE8E2CCAE42A}.Release|Any CPU.Build.0 = Release|Any CPU
	EndGlobalSection
	GlobalSection(SolutionProperties) = preSolution
		HideSolutionNode = FALSE
	EndGlobalSection
	GlobalSection(NestedProjects) = preSolution
		{FB55D796-E4FE-4880-8336-3807E1C1757B} = {E6892A9B-BE1A-4A32-8689-5F35CC33525E}
	EndGlobalSection
	GlobalSection(ExtensibilityGlobals) = postSolution
		SolutionGuid = {60066631-8CD7-478B-8A10-78CB206C2AF0}
	EndGlobalSection
EndGlobal
